
Microsoft Visual Studio Solution File, Format Version 12.00
# Visual Studio Version 17
VisualStudioVersion = 17.5.33516.290
MinimumVisualStudioVersion = 10.0.40219.1
Project("{9A19103F-16F7-4668-BE54-9A1E7A4F7556}") = "Library.DAL", "Library.DAL.csproj", "{51729A69-E866-47F0-90BD-B5402C4616C4}"
EndProject
Project("{9A19103F-16F7-4668-BE54-9A1E7A4F7556}") = "Library.Model", "..\Library.Model\Library.Model.csproj", "{8FDAE2FA-1403-492D-B098-784F6F2CFA85}"
EndProject
Project("{FAE04EC0-301F-11D3-BF4B-00C04F79EFBC}") = "Library.MVC", "..\Library.MVC\Library.MVC.csproj", "{7D0D6245-5D02-4DBD-8A35-7AB74FC6C8EB}"
EndProject
Global
	GlobalSection(SolutionConfigurationPlatforms) = preSolution
		Debug|Any CPU = Debug|Any CPU
		Release|Any CPU = Release|Any CPU
	EndGlobalSection
	GlobalSection(ProjectConfigurationPlatforms) = postSolution
		{51729A69-E866-47F0-90BD-B5402C4616C4}.Debug|Any CPU.ActiveCfg = Debug|Any CPU
		{51729A69-E866-47F0-90BD-B5402C4616C4}.Debug|Any CPU.Build.0 = Debug|Any CPU
		{51729A69-E866-47F0-90BD-B5402C4616C4}.Release|Any CPU.ActiveCfg = Release|Any CPU
		{51729A69-E866-47F0-90BD-B5402C4616C4}.Release|Any CPU.Build.0 = Release|Any CPU
		{8FDAE2FA-1403-492D-B098-784F6F2CFA85}.Debug|Any CPU.ActiveCfg = Debug|Any CPU
		{8FDAE2FA-1403-492D-B098-784F6F2CFA85}.Debug|Any CPU.Build.0 = Debug|Any CPU
		{8FDAE2FA-1403-492D-B098-784F6F2CFA85}.Release|Any CPU.ActiveCfg = Release|Any CPU
		{8FDAE2FA-1403-492D-B098-784F6F2CFA85}.Release|Any CPU.Build.0 = Release|Any CPU
		{7D0D6245-5D02-4DBD-8A35-7AB74FC6C8EB}.Debug|Any CPU.ActiveCfg = Debug|Any CPU
		{7D0D6245-5D02-4DBD-8A35-7AB74FC6C8EB}.Debug|Any CPU.Build.0 = Debug|Any CPU
		{7D0D6245-5D02-4DBD-8A35-7AB74FC6C8EB}.Release|Any CPU.ActiveCfg = Release|Any CPU
		{7D0D6245-5D02-4DBD-8A35-7AB74FC6C8EB}.Release|Any CPU.Build.0 = Release|Any CPU
	EndGlobalSection
	GlobalSection(SolutionProperties) = preSolution
		HideSolutionNode = FALSE
	EndGlobalSection
	GlobalSection(ExtensibilityGlobals) = postSolution
		SolutionGuid = {52FA1627-80ED-4127-BFD1-2FE358CC9465}
	EndGlobalSection
EndGlobal
