
Microsoft Visual Studio Solution File, Format Version 12.00
# Visual Studio Version 17
VisualStudioVersion = 17.5.33516.290
MinimumVisualStudioVersion = 10.0.40219.1
Project("{9A19103F-16F7-4668-BE54-9A1E7A4F7556}") = "Library.DAL", "Library.DAL.csproj", "{51729A69-E866-47F0-90BD-B5402C4616C4}"
EndProject
Project("{9A19103F-16F7-4668-BE54-9A1E7A4F7556}") = "Library.Model", "..\Library.Model\Library.Model.csproj", "{8FDAE2FA-1403-492D-B098-784F6F2CFA85}"
EndProject
Project("{9A19103F-16F7-4668-BE54-9A1E7A4F7556}") = "Library.MVC", "..\Library.MVC\Library.MVC.csproj", "{7D0D6245-5D02-4DBD-8A35-7AB74FC6C8EB}"
EndProject
Project("{9A19103F-16F7-4668-BE54-9A1E7A4F7556}") = "Library.BLL", "..\Library.BLL\Library.BLL.csproj", "{498FA5BF-D072-48B9-A4FA-20A019810E8A}"
EndProject
Project("{FAE04EC0-301F-11D3-BF4B-00C04F79EFBC}") = "Library.Test.MVC", "..\Library.Test.MVC\Library.Test.MVC.csproj", "{2AF838EF-06DD-49C1-A930-8197BBECB9A4}"
EndProject
Global
	GlobalSection(SolutionConfigurationPlatforms) = preSolution
		Debug|Any CPU = Debug|Any CPU
		Debug|x64 = Debug|x64
		Debug|x86 = Debug|x86
		Release|Any CPU = Release|Any CPU
		Release|x64 = Release|x64
		Release|x86 = Release|x86
	EndGlobalSection
	GlobalSection(ProjectConfigurationPlatforms) = postSolution
		{51729A69-E866-47F0-90BD-B5402C4616C4}.Debug|Any CPU.ActiveCfg = Debug|Any CPU
		{51729A69-E866-47F0-90BD-B5402C4616C4}.Debug|Any CPU.Build.0 = Debug|Any CPU
		{51729A69-E866-47F0-90BD-B5402C4616C4}.Debug|x64.ActiveCfg = Debug|Any CPU
		{51729A69-E866-47F0-90BD-B5402C4616C4}.Debug|x64.Build.0 = Debug|Any CPU
		{51729A69-E866-47F0-90BD-B5402C4616C4}.Debug|x86.ActiveCfg = Debug|Any CPU
		{51729A69-E866-47F0-90BD-B5402C4616C4}.Debug|x86.Build.0 = Debug|Any CPU
		{51729A69-E866-47F0-90BD-B5402C4616C4}.Release|Any CPU.ActiveCfg = Release|Any CPU
		{51729A69-E866-47F0-90BD-B5402C4616C4}.Release|Any CPU.Build.0 = Release|Any CPU
		{51729A69-E866-47F0-90BD-B5402C4616C4}.Release|x64.ActiveCfg = Release|Any CPU
		{51729A69-E866-47F0-90BD-B5402C4616C4}.Release|x64.Build.0 = Release|Any CPU
		{51729A69-E866-47F0-90BD-B5402C4616C4}.Release|x86.ActiveCfg = Release|Any CPU
		{51729A69-E866-47F0-90BD-B5402C4616C4}.Release|x86.Build.0 = Release|Any CPU
		{8FDAE2FA-1403-492D-B098-784F6F2CFA85}.Debug|Any CPU.ActiveCfg = Debug|Any CPU
		{8FDAE2FA-1403-492D-B098-784F6F2CFA85}.Debug|Any CPU.Build.0 = Debug|Any CPU
		{8FDAE2FA-1403-492D-B098-784F6F2CFA85}.Debug|x64.ActiveCfg = Debug|Any CPU
		{8FDAE2FA-1403-492D-B098-784F6F2CFA85}.Debug|x64.Build.0 = Debug|Any CPU
		{8FDAE2FA-1403-492D-B098-784F6F2CFA85}.Debug|x86.ActiveCfg = Debug|Any CPU
		{8FDAE2FA-1403-492D-B098-784F6F2CFA85}.Debug|x86.Build.0 = Debug|Any CPU
		{8FDAE2FA-1403-492D-B098-784F6F2CFA85}.Release|Any CPU.ActiveCfg = Release|Any CPU
		{8FDAE2FA-1403-492D-B098-784F6F2CFA85}.Release|Any CPU.Build.0 = Release|Any CPU
		{8FDAE2FA-1403-492D-B098-784F6F2CFA85}.Release|x64.ActiveCfg = Release|Any CPU
		{8FDAE2FA-1403-492D-B098-784F6F2CFA85}.Release|x64.Build.0 = Release|Any CPU
		{8FDAE2FA-1403-492D-B098-784F6F2CFA85}.Release|x86.ActiveCfg = Release|Any CPU
		{8FDAE2FA-1403-492D-B098-784F6F2CFA85}.Release|x86.Build.0 = Release|Any CPU
		{7D0D6245-5D02-4DBD-8A35-7AB74FC6C8EB}.Debug|Any CPU.ActiveCfg = Debug|Any CPU
		{7D0D6245-5D02-4DBD-8A35-7AB74FC6C8EB}.Debug|Any CPU.Build.0 = Debug|Any CPU
		{7D0D6245-5D02-4DBD-8A35-7AB74FC6C8EB}.Debug|x64.ActiveCfg = Debug|Any CPU
		{7D0D6245-5D02-4DBD-8A35-7AB74FC6C8EB}.Debug|x64.Build.0 = Debug|Any CPU
		{7D0D6245-5D02-4DBD-8A35-7AB74FC6C8EB}.Debug|x86.ActiveCfg = Debug|Any CPU
		{7D0D6245-5D02-4DBD-8A35-7AB74FC6C8EB}.Debug|x86.Build.0 = Debug|Any CPU
		{7D0D6245-5D02-4DBD-8A35-7AB74FC6C8EB}.Release|Any CPU.ActiveCfg = Release|Any CPU
		{7D0D6245-5D02-4DBD-8A35-7AB74FC6C8EB}.Release|Any CPU.Build.0 = Release|Any CPU
		{7D0D6245-5D02-4DBD-8A35-7AB74FC6C8EB}.Release|x64.ActiveCfg = Release|Any CPU
		{7D0D6245-5D02-4DBD-8A35-7AB74FC6C8EB}.Release|x64.Build.0 = Release|Any CPU
		{7D0D6245-5D02-4DBD-8A35-7AB74FC6C8EB}.Release|x86.ActiveCfg = Release|Any CPU
		{7D0D6245-5D02-4DBD-8A35-7AB74FC6C8EB}.Release|x86.Build.0 = Release|Any CPU
		{498FA5BF-D072-48B9-A4FA-20A019810E8A}.Debug|Any CPU.ActiveCfg = Debug|Any CPU
		{498FA5BF-D072-48B9-A4FA-20A019810E8A}.Debug|Any CPU.Build.0 = Debug|Any CPU
		{498FA5BF-D072-48B9-A4FA-20A019810E8A}.Debug|x64.ActiveCfg = Debug|Any CPU
		{498FA5BF-D072-48B9-A4FA-20A019810E8A}.Debug|x64.Build.0 = Debug|Any CPU
		{498FA5BF-D072-48B9-A4FA-20A019810E8A}.Debug|x86.ActiveCfg = Debug|Any CPU
		{498FA5BF-D072-48B9-A4FA-20A019810E8A}.Debug|x86.Build.0 = Debug|Any CPU
		{498FA5BF-D072-48B9-A4FA-20A019810E8A}.Release|Any CPU.ActiveCfg = Release|Any CPU
		{498FA5BF-D072-48B9-A4FA-20A019810E8A}.Release|Any CPU.Build.0 = Release|Any CPU
		{498FA5BF-D072-48B9-A4FA-20A019810E8A}.Release|x64.ActiveCfg = Release|Any CPU
		{498FA5BF-D072-48B9-A4FA-20A019810E8A}.Release|x64.Build.0 = Release|Any CPU
		{498FA5BF-D072-48B9-A4FA-20A019810E8A}.Release|x86.ActiveCfg = Release|Any CPU
		{498FA5BF-D072-48B9-A4FA-20A019810E8A}.Release|x86.Build.0 = Release|Any CPU
		{2AF838EF-06DD-49C1-A930-8197BBECB9A4}.Debug|Any CPU.ActiveCfg = Debug|Any CPU
		{2AF838EF-06DD-49C1-A930-8197BBECB9A4}.Debug|Any CPU.Build.0 = Debug|Any CPU
		{2AF838EF-06DD-49C1-A930-8197BBECB9A4}.Debug|x64.ActiveCfg = Debug|Any CPU
		{2AF838EF-06DD-49C1-A930-8197BBECB9A4}.Debug|x64.Build.0 = Debug|Any CPU
		{2AF838EF-06DD-49C1-A930-8197BBECB9A4}.Debug|x86.ActiveCfg = Debug|Any CPU
		{2AF838EF-06DD-49C1-A930-8197BBECB9A4}.Debug|x86.Build.0 = Debug|Any CPU
		{2AF838EF-06DD-49C1-A930-8197BBECB9A4}.Release|Any CPU.ActiveCfg = Release|Any CPU
		{2AF838EF-06DD-49C1-A930-8197BBECB9A4}.Release|Any CPU.Build.0 = Release|Any CPU
		{2AF838EF-06DD-49C1-A930-8197BBECB9A4}.Release|x64.ActiveCfg = Release|Any CPU
		{2AF838EF-06DD-49C1-A930-8197BBECB9A4}.Release|x64.Build.0 = Release|Any CPU
		{2AF838EF-06DD-49C1-A930-8197BBECB9A4}.Release|x86.ActiveCfg = Release|Any CPU
		{2AF838EF-06DD-49C1-A930-8197BBECB9A4}.Release|x86.Build.0 = Release|Any CPU
	EndGlobalSection
	GlobalSection(SolutionProperties) = preSolution
		HideSolutionNode = FALSE
	EndGlobalSection
	GlobalSection(ExtensibilityGlobals) = postSolution
		SolutionGuid = {52FA1627-80ED-4127-BFD1-2FE358CC9465}
	EndGlobalSection
EndGlobal
